{
  "name": "ReactJS Projects",
  "lockfileVersion": 3,
  "requires": true,
  "packages": {
    "": {
      "dependencies": {
        "bun": "^1.1.12"
      }
    },
    "node_modules/@oven/bun-darwin-aarch64": {
      "version": "1.1.12",
      "resolved": "https://registry.npmjs.org/@oven/bun-darwin-aarch64/-/bun-darwin-aarch64-1.1.12.tgz",
      "integrity": "sha512-g8nmDXIYDmbEnP6moX3ZTS5BsikX8dz/XB0PAfL+LEBJEGECyor2Hv1yvhGQfeR1/lvfSXsWnk0Hhk9Mrj6uoQ==",
      "cpu": [
        "arm64"
      ],
      "optional": true,
      "os": [
        "darwin"
      ]
    },
    "node_modules/@oven/bun-darwin-x64": {
      "version": "1.1.12",
      "resolved": "https://registry.npmjs.org/@oven/bun-darwin-x64/-/bun-darwin-x64-1.1.12.tgz",
      "integrity": "sha512-XWL6atcLxyh4KgOlqqyHUOh4Ylm46CExipJmAdKs30gyYqbw3E+HTFhADsyFEtugOe0qPUNlo0aMo+ZMc1yIQA==",
      "cpu": [
        "x64"
      ],
      "optional": true,
      "os": [
        "darwin"
      ]
    },
    "node_modules/@oven/bun-darwin-x64-baseline": {
      "version": "1.1.12",
      "resolved": "https://registry.npmjs.org/@oven/bun-darwin-x64-baseline/-/bun-darwin-x64-baseline-1.1.12.tgz",
      "integrity": "sha512-KXBwaeD9y4GuxSqC1uDNIktTC/jY2DtagiURuUOF1rniYxkkLRNgXotTvVA5NvP2PBCoWyrxZ67WJSBm0AIyjQ==",
      "cpu": [
        "x64"
      ],
      "optional": true,
      "os": [
        "darwin"
      ]
    },
    "node_modules/@oven/bun-linux-aarch64": {
      "version": "1.1.12",
      "resolved": "https://registry.npmjs.org/@oven/bun-linux-aarch64/-/bun-linux-aarch64-1.1.12.tgz",
      "integrity": "sha512-6Jen4+b5BzInF7bbRjMIWoy3xIuK/kQQn9xehvrAYnr3J9p3vCD5VhzDP20hW9yQcmZtO2kE6pIYCbaaxPNKtg==",
      "cpu": [
        "arm64"
      ],
      "optional": true,
      "os": [
        "linux"
      ]
    },
    "node_modules/@oven/bun-linux-x64": {
      "version": "1.1.12",
      "resolved": "https://registry.npmjs.org/@oven/bun-linux-x64/-/bun-linux-x64-1.1.12.tgz",
      "integrity": "sha512-X4dqnIOv4M9HAL4tAj9bb14WjsfKby5xWNV/otUxtfSDsDrV2ukYUekivEmHqchxHFUHOHyc/cv+/jtfvedDZg==",
      "cpu": [
        "x64"
      ],
      "optional": true,
      "os": [
        "linux"
      ]
    },
    "node_modules/@oven/bun-linux-x64-baseline": {
      "version": "1.1.12",
      "resolved": "https://registry.npmjs.org/@oven/bun-linux-x64-baseline/-/bun-linux-x64-baseline-1.1.12.tgz",
      "integrity": "sha512-luwWf/QGMJ23+yIRBMDnhjYuxh9zXy+Vw4lAzwvLB7phYXCs7IPEhIhZxhcZQ3XMafWtHlWAVo5P6NZZdFRMUQ==",
      "cpu": [
        "x64"
      ],
      "optional": true,
      "os": [
        "linux"
      ]
    },
    "node_modules/@oven/bun-windows-x64": {
      "version": "1.1.12",
      "resolved": "https://registry.npmjs.org/@oven/bun-windows-x64/-/bun-windows-x64-1.1.12.tgz",
      "integrity": "sha512-ufvTeXXI9tJSJUhvdPnFUmGqCNBKBazEwjvQ5c8vhtZ8hdBHV54LoURVDIBYCgzfdv5NQT3sr8qRLFqy4mlMLg==",
      "cpu": [
        "x64"
      ],
      "optional": true,
      "os": [
        "win32"
      ]
    },
    "node_modules/@oven/bun-windows-x64-baseline": {
      "version": "1.1.12",
      "resolved": "https://registry.npmjs.org/@oven/bun-windows-x64-baseline/-/bun-windows-x64-baseline-1.1.12.tgz",
      "integrity": "sha512-MRn+zcJO1hcVqwJmFxpUSdb6ZvrYC8Xp2N1fPOzdw3YSskz9iHkJuUKzx7s9iCC7jTpo6XI/H51EFr/M2U7Ipg==",
      "cpu": [
        "x64"
      ],
      "optional": true,
      "os": [
        "win32"
      ]
    },
    "node_modules/bun": {
      "version": "1.1.12",
      "resolved": "https://registry.npmjs.org/bun/-/bun-1.1.12.tgz",
      "integrity": "sha512-NZzeZuZk7VwCs8VAXnXUHCPOlTS/IyHCscChtT1M1FLSwhBcVMsGVStYlXaaoqsinBKgp0CGJdhnJw2gR3NkDw==",
      "cpu": [
        "arm64",
        "x64"
      ],
      "hasInstallScript": true,
      "os": [
        "darwin",
        "linux",
        "win32"
      ],
      "bin": {
        "bun": "bin/bun.exe",
        "bunx": "bin/bun.exe"
      },
      "optionalDependencies": {
        "@oven/bun-darwin-aarch64": "1.1.12",
        "@oven/bun-darwin-x64": "1.1.12",
        "@oven/bun-darwin-x64-baseline": "1.1.12",
        "@oven/bun-linux-aarch64": "1.1.12",
        "@oven/bun-linux-x64": "1.1.12",
        "@oven/bun-linux-x64-baseline": "1.1.12",
        "@oven/bun-windows-x64": "1.1.12",
        "@oven/bun-windows-x64-baseline": "1.1.12"
      }
    }
  }
}
